
Microsoft Visual Studio Solution File, Format Version 12.00
# Visual Studio Version 16
VisualStudioVersion = 16.0.36602.28
MinimumVisualStudioVersion = 10.0.40219.1
Project("{F184B08F-C81C-45F6-A57F-5ABD9991F28F}") = "Sales Management System", "Sales Management System.vbproj", "{968CAB36-6DA5-413D-87AC-0ECDF3F89960}"
EndProject
Global
	GlobalSection(SolutionConfigurationPlatforms) = preSolution
		Debug|Any CPU = Debug|Any CPU
		Debug|x86 = Debug|x86
		Release|Any CPU = Release|Any CPU
		Release|x86 = Release|x86
	EndGlobalSection
	GlobalSection(ProjectConfigurationPlatforms) = postSolution
		{968CAB36-6DA5-413D-87AC-0ECDF3F89960}.Debug|Any CPU.ActiveCfg = Debug|x86
		{968CAB36-6DA5-413D-87AC-0ECDF3F89960}.Debug|Any CPU.Build.0 = Debug|x86
		{968CAB36-6DA5-413D-87AC-0ECDF3F89960}.Debug|x86.ActiveCfg = Debug|x86
		{968CAB36-6DA5-413D-87AC-0ECDF3F89960}.Debug|x86.Build.0 = Debug|x86
		{968CAB36-6DA5-413D-87AC-0ECDF3F89960}.Release|Any CPU.ActiveCfg = Release|Any CPU
		{968CAB36-6DA5-413D-87AC-0ECDF3F89960}.Release|Any CPU.Build.0 = Release|Any CPU
		{968CAB36-6DA5-413D-87AC-0ECDF3F89960}.Release|x86.ActiveCfg = Release|x86
		{968CAB36-6DA5-413D-87AC-0ECDF3F89960}.Release|x86.Build.0 = Release|x86
	EndGlobalSection
	GlobalSection(SolutionProperties) = preSolution
		HideSolutionNode = FALSE
	EndGlobalSection
	GlobalSection(ExtensibilityGlobals) = postSolution
		SolutionGuid = {D88DCCCA-A653-4176-B407-52FEBBF472E5}
	EndGlobalSection
EndGlobal
